// !$*UTF8*$!
{
	archiveVersion = 1;
	classes = {
	};
	objectVersion = 48;
	objects = {

/* Begin PBXBuildFile section */
		011BBDB42063C5540021DF36 /* PageContentView.swift in Sources */ = {isa = PBXBuildFile; fileRef = 011BBDB32063C5540021DF36 /* PageContentView.swift */; };
		011C8D6120639AD200CD856E /* PageTitleView.swift in Sources */ = {isa = PBXBuildFile; fileRef = 011C8D6020639AD200CD856E /* PageTitleView.swift */; };
		011C8D632063A55200CD856E /* Common.swift in Sources */ = {isa = PBXBuildFile; fileRef = 011C8D622063A55200CD856E /* Common.swift */; };
		01203F812062A1A50079973F /* UIBarButtonItem+Extension.swift in Sources */ = {isa = PBXBuildFile; fileRef = 01203F802062A1A50079973F /* UIBarButtonItem+Extension.swift */; };
		013989E12063DAD90052C592 /* Assets.xcassets in Resources */ = {isa = PBXBuildFile; fileRef = 013989E02063DAD90052C592 /* Assets.xcassets */; };
		013989E52063DC190052C592 /* LaunchImage.jpg in Resources */ = {isa = PBXBuildFile; fileRef = 013989E42063DC190052C592 /* LaunchImage.jpg */; };
		013CBED7206284BE00143BB5 /* HomeController.swift in Sources */ = {isa = PBXBuildFile; fileRef = 013CBEBE206284BE00143BB5 /* HomeController.swift */; };
		013CBED8206284BE00143BB5 /* FollowController.swift in Sources */ = {isa = PBXBuildFile; fileRef = 013CBEC4206284BE00143BB5 /* FollowController.swift */; };
		013CBED9206284BE00143BB5 /* AppDelegate.swift in Sources */ = {isa = PBXBuildFile; fileRef = 013CBEC7206284BE00143BB5 /* AppDelegate.swift */; };
		013CBEDA206284BE00143BB5 /* ProfileController.swift in Sources */ = {isa = PBXBuildFile; fileRef = 013CBECC206284BE00143BB5 /* ProfileController.swift */; };
		013CBEDC206284BE00143BB5 /* TabBarController.swift in Sources */ = {isa = PBXBuildFile; fileRef = 013CBED5206284BE00143BB5 /* TabBarController.swift */; };
		01496DF52062747000F30701 /* LaunchScreen.storyboard in Resources */ = {isa = PBXBuildFile; fileRef = 01496DF32062747000F30701 /* LaunchScreen.storyboard */; };
		014BF3A5206285A200B09556 /* LiveController.swift in Sources */ = {isa = PBXBuildFile; fileRef = 014BF3A3206285A100B09556 /* LiveController.swift */; };
		014BF3A920628BCB00B09556 /* Bundle+Extension.swift in Sources */ = {isa = PBXBuildFile; fileRef = 014BF3A820628BCB00B09556 /* Bundle+Extension.swift */; };
/* End PBXBuildFile section */

/* Begin PBXFileReference section */
		011BBDB32063C5540021DF36 /* PageContentView.swift */ = {isa = PBXFileReference; lastKnownFileType = sourcecode.swift; path = PageContentView.swift; sourceTree = "<group>"; };
		011C8D6020639AD200CD856E /* PageTitleView.swift */ = {isa = PBXFileReference; lastKnownFileType = sourcecode.swift; path = PageTitleView.swift; sourceTree = "<group>"; };
		011C8D622063A55200CD856E /* Common.swift */ = {isa = PBXFileReference; lastKnownFileType = sourcecode.swift; path = Common.swift; sourceTree = "<group>"; };
		01203F802062A1A50079973F /* UIBarButtonItem+Extension.swift */ = {isa = PBXFileReference; lastKnownFileType = sourcecode.swift; path = "UIBarButtonItem+Extension.swift"; sourceTree = "<group>"; };
		013989E02063DAD90052C592 /* Assets.xcassets */ = {isa = PBXFileReference; lastKnownFileType = folder.assetcatalog; path = Assets.xcassets; sourceTree = "<group>"; };
		013989E42063DC190052C592 /* LaunchImage.jpg */ = {isa = PBXFileReference; lastKnownFileType = image.jpeg; path = LaunchImage.jpg; sourceTree = "<group>"; };
		013CBEBE206284BE00143BB5 /* HomeController.swift */ = {isa = PBXFileReference; fileEncoding = 4; lastKnownFileType = sourcecode.swift; path = HomeController.swift; sourceTree = "<group>"; };
		013CBEC4206284BE00143BB5 /* FollowController.swift */ = {isa = PBXFileReference; fileEncoding = 4; lastKnownFileType = sourcecode.swift; path = FollowController.swift; sourceTree = "<group>"; };
		013CBEC7206284BE00143BB5 /* AppDelegate.swift */ = {isa = PBXFileReference; fileEncoding = 4; lastKnownFileType = sourcecode.swift; path = AppDelegate.swift; sourceTree = "<group>"; };
		013CBECC206284BE00143BB5 /* ProfileController.swift */ = {isa = PBXFileReference; fileEncoding = 4; lastKnownFileType = sourcecode.swift; path = ProfileController.swift; sourceTree = "<group>"; };
		013CBED5206284BE00143BB5 /* TabBarController.swift */ = {isa = PBXFileReference; fileEncoding = 4; lastKnownFileType = sourcecode.swift; path = TabBarController.swift; sourceTree = "<group>"; };
		01496DE72062746F00F30701 /* douyuzhibo.app */ = {isa = PBXFileReference; explicitFileType = wrapper.application; includeInIndex = 0; path = douyuzhibo.app; sourceTree = BUILT_PRODUCTS_DIR; };
		01496DF42062747000F30701 /* Base */ = {isa = PBXFileReference; lastKnownFileType = file.storyboard; name = Base; path = Base.lproj/LaunchScreen.storyboard; sourceTree = "<group>"; };
		01496E1420627FB500F30701 /* Info.plist */ = {isa = PBXFileReference; fileEncoding = 4; lastKnownFileType = text.plist.xml; path = Info.plist; sourceTree = "<group>"; };
		014BF3A3206285A100B09556 /* LiveController.swift */ = {isa = PBXFileReference; fileEncoding = 4; lastKnownFileType = sourcecode.swift; path = LiveController.swift; sourceTree = "<group>"; };
		014BF3A820628BCB00B09556 /* Bundle+Extension.swift */ = {isa = PBXFileReference; lastKnownFileType = sourcecode.swift; path = "Bundle+Extension.swift"; sourceTree = "<group>"; };
/* End PBXFileReference section */

/* Begin PBXFrameworksBuildPhase section */
		01496DE42062746F00F30701 /* Frameworks */ = {
			isa = PBXFrameworksBuildPhase;
			buildActionMask = 2147483647;
			files = (
			);
			runOnlyForDeploymentPostprocessing = 0;
		};
/* End PBXFrameworksBuildPhase section */

/* Begin PBXGroup section */
		013CBEB9206284BE00143BB5 /* Classes */ = {
			isa = PBXGroup;
			children = (
				013CBED1206284BE00143BB5 /* Main */,
				013CBEBA206284BE00143BB5 /* Home */,
				013CBEC0206284BE00143BB5 /* Follow */,
				014BF39F206285A100B09556 /* Live */,
				013CBEC8206284BE00143BB5 /* Profile */,
				013CBEC6206284BE00143BB5 /* Other */,
				014BF3A620628B7B00B09556 /* Tool */,
			);
			path = Classes;
			sourceTree = "<group>";
		};
		013CBEBA206284BE00143BB5 /* Home */ = {
			isa = PBXGroup;
			children = (
				013CBEBD206284BE00143BB5 /* Controllers */,
				013CBEBB206284BE00143BB5 /* ViewModels */,
				013CBEBC206284BE00143BB5 /* Models */,
				013CBEBF206284BE00143BB5 /* Views */,
			);
			path = Home;
			sourceTree = "<group>";
		};
		013CBEBB206284BE00143BB5 /* ViewModels */ = {
			isa = PBXGroup;
			children = (
			);
			path = ViewModels;
			sourceTree = "<group>";
		};
		013CBEBC206284BE00143BB5 /* Models */ = {
			isa = PBXGroup;
			children = (
			);
			path = Models;
			sourceTree = "<group>";
		};
		013CBEBD206284BE00143BB5 /* Controllers */ = {
			isa = PBXGroup;
			children = (
				013CBEBE206284BE00143BB5 /* HomeController.swift */,
			);
			path = Controllers;
			sourceTree = "<group>";
		};
		013CBEBF206284BE00143BB5 /* Views */ = {
			isa = PBXGroup;
			children = (
			);
			path = Views;
			sourceTree = "<group>";
		};
		013CBEC0206284BE00143BB5 /* Follow */ = {
			isa = PBXGroup;
			children = (
				013CBEC3206284BE00143BB5 /* Controllers */,
				013CBEC1206284BE00143BB5 /* ViewModels */,
				013CBEC2206284BE00143BB5 /* Models */,
				013CBEC5206284BE00143BB5 /* Views */,
			);
			path = Follow;
			sourceTree = "<group>";
		};
		013CBEC1206284BE00143BB5 /* ViewModels */ = {
			isa = PBXGroup;
			children = (
			);
			path = ViewModels;
			sourceTree = "<group>";
		};
		013CBEC2206284BE00143BB5 /* Models */ = {
			isa = PBXGroup;
			children = (
			);
			path = Models;
			sourceTree = "<group>";
		};
		013CBEC3206284BE00143BB5 /* Controllers */ = {
			isa = PBXGroup;
			children = (
				013CBEC4206284BE00143BB5 /* FollowController.swift */,
			);
			path = Controllers;
			sourceTree = "<group>";
		};
		013CBEC5206284BE00143BB5 /* Views */ = {
			isa = PBXGroup;
			children = (
			);
			path = Views;
			sourceTree = "<group>";
		};
		013CBEC6206284BE00143BB5 /* Other */ = {
			isa = PBXGroup;
			children = (
				013CBEC7206284BE00143BB5 /* AppDelegate.swift */,
			);
			path = Other;
			sourceTree = "<group>";
		};
		013CBEC8206284BE00143BB5 /* Profile */ = {
			isa = PBXGroup;
			children = (
				013CBEC9206284BE00143BB5 /* ViewModels */,
				013CBECA206284BE00143BB5 /* Models */,
				013CBECB206284BE00143BB5 /* Controllers */,
				013CBECD206284BE00143BB5 /* Views */,
			);
			path = Profile;
			sourceTree = "<group>";
		};
		013CBEC9206284BE00143BB5 /* ViewModels */ = {
			isa = PBXGroup;
			children = (
			);
			path = ViewModels;
			sourceTree = "<group>";
		};
		013CBECA206284BE00143BB5 /* Models */ = {
			isa = PBXGroup;
			children = (
			);
			path = Models;
			sourceTree = "<group>";
		};
		013CBECB206284BE00143BB5 /* Controllers */ = {
			isa = PBXGroup;
			children = (
				013CBECC206284BE00143BB5 /* ProfileController.swift */,
			);
			path = Controllers;
			sourceTree = "<group>";
		};
		013CBECD206284BE00143BB5 /* Views */ = {
			isa = PBXGroup;
			children = (
			);
			path = Views;
			sourceTree = "<group>";
		};
		013CBED1206284BE00143BB5 /* Main */ = {
			isa = PBXGroup;
			children = (
				013CBED4206284BE00143BB5 /* Controllers */,
				013CBED2206284BE00143BB5 /* ViewModels */,
				013CBED3206284BE00143BB5 /* Models */,
				013CBED6206284BE00143BB5 /* Views */,
			);
			path = Main;
			sourceTree = "<group>";
		};
		013CBED2206284BE00143BB5 /* ViewModels */ = {
			isa = PBXGroup;
			children = (
			);
			path = ViewModels;
			sourceTree = "<group>";
		};
		013CBED3206284BE00143BB5 /* Models */ = {
			isa = PBXGroup;
			children = (
			);
			path = Models;
			sourceTree = "<group>";
		};
		013CBED4206284BE00143BB5 /* Controllers */ = {
			isa = PBXGroup;
			children = (
				013CBED5206284BE00143BB5 /* TabBarController.swift */,
			);
			path = Controllers;
			sourceTree = "<group>";
		};
		013CBED6206284BE00143BB5 /* Views */ = {
			isa = PBXGroup;
			children = (
				011C8D6020639AD200CD856E /* PageTitleView.swift */,
				011BBDB32063C5540021DF36 /* PageContentView.swift */,
			);
			path = Views;
			sourceTree = "<group>";
		};
		01496DDE2062746F00F30701 = {
			isa = PBXGroup;
			children = (
				01496DE92062746F00F30701 /* douyuzhibo */,
				01496DE82062746F00F30701 /* Products */,
			);
			sourceTree = "<group>";
		};
		01496DE82062746F00F30701 /* Products */ = {
			isa = PBXGroup;
			children = (
				01496DE72062746F00F30701 /* douyuzhibo.app */,
			);
			name = Products;
			sourceTree = "<group>";
		};
		01496DE92062746F00F30701 /* douyuzhibo */ = {
			isa = PBXGroup;
			children = (
				013CBEB9206284BE00143BB5 /* Classes */,
				01496E1420627FB500F30701 /* Info.plist */,
				01496DF32062747000F30701 /* LaunchScreen.storyboard */,
				013989E42063DC190052C592 /* LaunchImage.jpg */,
				013989E02063DAD90052C592 /* Assets.xcassets */,
			);
			path = douyuzhibo;
			sourceTree = "<group>";
		};
		014BF39F206285A100B09556 /* Live */ = {
			isa = PBXGroup;
			children = (
				014BF3A2206285A100B09556 /* Controllers */,
				014BF3A0206285A100B09556 /* ViewModels */,
				014BF3A1206285A100B09556 /* Models */,
				014BF3A4206285A100B09556 /* Views */,
			);
			path = Live;
			sourceTree = "<group>";
		};
		014BF3A0206285A100B09556 /* ViewModels */ = {
			isa = PBXGroup;
			children = (
			);
			path = ViewModels;
			sourceTree = "<group>";
		};
		014BF3A1206285A100B09556 /* Models */ = {
			isa = PBXGroup;
			children = (
			);
			path = Models;
			sourceTree = "<group>";
		};
		014BF3A2206285A100B09556 /* Controllers */ = {
			isa = PBXGroup;
			children = (
				014BF3A3206285A100B09556 /* LiveController.swift */,
			);
			path = Controllers;
			sourceTree = "<group>";
		};
		014BF3A4206285A100B09556 /* Views */ = {
			isa = PBXGroup;
			children = (
			);
			path = Views;
			sourceTree = "<group>";
		};
		014BF3A620628B7B00B09556 /* Tool */ = {
			isa = PBXGroup;
			children = (
				014BF3A720628B7B00B09556 /* Extension */,
				011C8D622063A55200CD856E /* Common.swift */,
			);
			path = Tool;
			sourceTree = "<group>";
		};
		014BF3A720628B7B00B09556 /* Extension */ = {
			isa = PBXGroup;
			children = (
				014BF3A820628BCB00B09556 /* Bundle+Extension.swift */,
				01203F802062A1A50079973F /* UIBarButtonItem+Extension.swift */,
			);
			path = Extension;
			sourceTree = "<group>";
		};
/* End PBXGroup section */

/* Begin PBXNativeTarget section */
		01496DE62062746F00F30701 /* douyuzhibo */ = {
			isa = PBXNativeTarget;
			buildConfigurationList = 01496DF92062747000F30701 /* Build configuration list for PBXNativeTarget "douyuzhibo" */;
			buildPhases = (
				01496DE32062746F00F30701 /* Sources */,
				01496DE42062746F00F30701 /* Frameworks */,
				01496DE52062746F00F30701 /* Resources */,
			);
			buildRules = (
			);
			dependencies = (
			);
			name = douyuzhibo;
			productName = douyuzhibo;
			productReference = 01496DE72062746F00F30701 /* douyuzhibo.app */;
			productType = "com.apple.product-type.application";
		};
/* End PBXNativeTarget section */

/* Begin PBXProject section */
		01496DDF2062746F00F30701 /* Project object */ = {
			isa = PBXProject;
			attributes = {
				LastSwiftUpdateCheck = 0920;
				LastUpgradeCheck = 0920;
				ORGANIZATIONNAME = "刘威";
				TargetAttributes = {
					01496DE62062746F00F30701 = {
						CreatedOnToolsVersion = 9.2;
						ProvisioningStyle = Automatic;
					};
				};
			};
			buildConfigurationList = 01496DE22062746F00F30701 /* Build configuration list for PBXProject "douyuzhibo" */;
			compatibilityVersion = "Xcode 8.0";
			developmentRegion = en;
			hasScannedForEncodings = 0;
			knownRegions = (
				en,
				Base,
			);
			mainGroup = 01496DDE2062746F00F30701;
			productRefGroup = 01496DE82062746F00F30701 /* Products */;
			projectDirPath = "";
			projectRoot = "";
			targets = (
				01496DE62062746F00F30701 /* douyuzhibo */,
			);
		};
/* End PBXProject section */

/* Begin PBXResourcesBuildPhase section */
		01496DE52062746F00F30701 /* Resources */ = {
			isa = PBXResourcesBuildPhase;
			buildActionMask = 2147483647;
			files = (
				013989E52063DC190052C592 /* LaunchImage.jpg in Resources */,
				01496DF52062747000F30701 /* LaunchScreen.storyboard in Resources */,
				013989E12063DAD90052C592 /* Assets.xcassets in Resources */,
			);
			runOnlyForDeploymentPostprocessing = 0;
		};
/* End PBXResourcesBuildPhase section */

/* Begin PBXSourcesBuildPhase section */
		01496DE32062746F00F30701 /* Sources */ = {
			isa = PBXSourcesBuildPhase;
			buildActionMask = 2147483647;
			files = (
				01203F812062A1A50079973F /* UIBarButtonItem+Extension.swift in Sources */,
				013CBED9206284BE00143BB5 /* AppDelegate.swift in Sources */,
				011BBDB42063C5540021DF36 /* PageContentView.swift in Sources */,
				014BF3A920628BCB00B09556 /* Bundle+Extension.swift in Sources */,
				013CBED8206284BE00143BB5 /* FollowController.swift in Sources */,
				013CBEDC206284BE00143BB5 /* TabBarController.swift in Sources */,
				014BF3A5206285A200B09556 /* LiveController.swift in Sources */,
				011C8D6120639AD200CD856E /* PageTitleView.swift in Sources */,
				013CBED7206284BE00143BB5 /* HomeController.swift in Sources */,
				011C8D632063A55200CD856E /* Common.swift in Sources */,
				013CBEDA206284BE00143BB5 /* ProfileController.swift in Sources */,
			);
			runOnlyForDeploymentPostprocessing = 0;
		};
/* End PBXSourcesBuildPhase section */

/* Begin PBXVariantGroup section */
		01496DF32062747000F30701 /* LaunchScreen.storyboard */ = {
			isa = PBXVariantGroup;
			children = (
				01496DF42062747000F30701 /* Base */,
			);
			name = LaunchScreen.storyboard;
			sourceTree = "<group>";
		};
/* End PBXVariantGroup section */

/* Begin XCBuildConfiguration section */
		01496DF72062747000F30701 /* Debug */ = {
			isa = XCBuildConfiguration;
			buildSettings = {
				ALWAYS_SEARCH_USER_PATHS = NO;
				CLANG_ANALYZER_NONNULL = YES;
				CLANG_ANALYZER_NUMBER_OBJECT_CONVERSION = YES_AGGRESSIVE;
				CLANG_CXX_LANGUAGE_STANDARD = "gnu++14";
				CLANG_CXX_LIBRARY = "libc++";
				CLANG_ENABLE_MODULES = YES;
				CLANG_ENABLE_OBJC_ARC = YES;
				CLANG_WARN_BLOCK_CAPTURE_AUTORELEASING = YES;
				CLANG_WARN_BOOL_CONVERSION = YES;
				CLANG_WARN_COMMA = YES;
				CLANG_WARN_CONSTANT_CONVERSION = YES;
				CLANG_WARN_DIRECT_OBJC_ISA_USAGE = YES_ERROR;
				CLANG_WARN_DOCUMENTATION_COMMENTS = YES;
				CLANG_WARN_EMPTY_BODY = YES;
				CLANG_WARN_ENUM_CONVERSION = YES;
				CLANG_WARN_INFINITE_RECURSION = YES;
				CLANG_WARN_INT_CONVERSION = YES;
				CLANG_WARN_NON_LITERAL_NULL_CONVERSION = YES;
				CLANG_WARN_OBJC_LITERAL_CONVERSION = YES;
				CLANG_WARN_OBJC_ROOT_CLASS = YES_ERROR;
				CLANG_WARN_RANGE_LOOP_ANALYSIS = YES;
				CLANG_WARN_STRICT_PROTOTYPES = YES;
				CLANG_WARN_SUSPICIOUS_MOVE = YES;
				CLANG_WARN_UNGUARDED_AVAILABILITY = YES_AGGRESSIVE;
				CLANG_WARN_UNREACHABLE_CODE = YES;
				CLANG_WARN__DUPLICATE_METHOD_MATCH = YES;
				CODE_SIGN_IDENTITY = "iPhone Developer";
				COPY_PHASE_STRIP = NO;
				DEBUG_INFORMATION_FORMAT = dwarf;
				ENABLE_STRICT_OBJC_MSGSEND = YES;
				ENABLE_TESTABILITY = YES;
				GCC_C_LANGUAGE_STANDARD = gnu11;
				GCC_DYNAMIC_NO_PIC = NO;
				GCC_NO_COMMON_BLOCKS = YES;
				GCC_OPTIMIZATION_LEVEL = 0;
				GCC_PREPROCESSOR_DEFINITIONS = (
					"DEBUG=1",
					"$(inherited)",
				);
				GCC_WARN_64_TO_32_BIT_CONVERSION = YES;
				GCC_WARN_ABOUT_RETURN_TYPE = YES_ERROR;
				GCC_WARN_UNDECLARED_SELECTOR = YES;
				GCC_WARN_UNINITIALIZED_AUTOS = YES_AGGRESSIVE;
				GCC_WARN_UNUSED_FUNCTION = YES;
				GCC_WARN_UNUSED_VARIABLE = YES;
				IPHONEOS_DEPLOYMENT_TARGET = 11.2;
				MTL_ENABLE_DEBUG_INFO = YES;
				ONLY_ACTIVE_ARCH = YES;
				SDKROOT = iphoneos;
				SWIFT_ACTIVE_COMPILATION_CONDITIONS = DEBUG;
				SWIFT_OPTIMIZATION_LEVEL = "-Onone";
			};
			name = Debug;
		};
		01496DF82062747000F30701 /* Release */ = {
			isa = XCBuildConfiguration;
			buildSettings = {
				ALWAYS_SEARCH_USER_PATHS = NO;
				CLANG_ANALYZER_NONNULL = YES;
				CLANG_ANALYZER_NUMBER_OBJECT_CONVERSION = YES_AGGRESSIVE;
				CLANG_CXX_LANGUAGE_STANDARD = "gnu++14";
				CLANG_CXX_LIBRARY = "libc++";
				CLANG_ENABLE_MODULES = YES;
				CLANG_ENABLE_OBJC_ARC = YES;
				CLANG_WARN_BLOCK_CAPTURE_AUTORELEASING = YES;
				CLANG_WARN_BOOL_CONVERSION = YES;
				CLANG_WARN_COMMA = YES;
				CLANG_WARN_CONSTANT_CONVERSION = YES;
				CLANG_WARN_DIRECT_OBJC_ISA_USAGE = YES_ERROR;
				CLANG_WARN_DOCUMENTATION_COMMENTS = YES;
				CLANG_WARN_EMPTY_BODY = YES;
				CLANG_WARN_ENUM_CONVERSION = YES;
				CLANG_WARN_INFINITE_RECURSION = YES;
				CLANG_WARN_INT_CONVERSION = YES;
				CLANG_WARN_NON_LITERAL_NULL_CONVERSION = YES;
				CLANG_WARN_OBJC_LITERAL_CONVERSION = YES;
				CLANG_WARN_OBJC_ROOT_CLASS = YES_ERROR;
				CLANG_WARN_RANGE_LOOP_ANALYSIS = YES;
				CLANG_WARN_STRICT_PROTOTYPES = YES;
				CLANG_WARN_SUSPICIOUS_MOVE = YES;
				CLANG_WARN_UNGUARDED_AVAILABILITY = YES_AGGRESSIVE;
				CLANG_WARN_UNREACHABLE_CODE = YES;
				CLANG_WARN__DUPLICATE_METHOD_MATCH = YES;
				CODE_SIGN_IDENTITY = "iPhone Developer";
				COPY_PHASE_STRIP = NO;
				DEBUG_INFORMATION_FORMAT = "dwarf-with-dsym";
				ENABLE_NS_ASSERTIONS = NO;
				ENABLE_STRICT_OBJC_MSGSEND = YES;
				GCC_C_LANGUAGE_STANDARD = gnu11;
				GCC_NO_COMMON_BLOCKS = YES;
				GCC_WARN_64_TO_32_BIT_CONVERSION = YES;
				GCC_WARN_ABOUT_RETURN_TYPE = YES_ERROR;
				GCC_WARN_UNDECLARED_SELECTOR = YES;
				GCC_WARN_UNINITIALIZED_AUTOS = YES_AGGRESSIVE;
				GCC_WARN_UNUSED_FUNCTION = YES;
				GCC_WARN_UNUSED_VARIABLE = YES;
				IPHONEOS_DEPLOYMENT_TARGET = 11.2;
				MTL_ENABLE_DEBUG_INFO = NO;
				SDKROOT = iphoneos;
				SWIFT_OPTIMIZATION_LEVEL = "-Owholemodule";
				VALIDATE_PRODUCT = YES;
			};
			name = Release;
		};
		01496DFA2062747000F30701 /* Debug */ = {
			isa = XCBuildConfiguration;
			buildSettings = {
				ASSETCATALOG_COMPILER_APPICON_NAME = AppIcon;
				CODE_SIGN_STYLE = Automatic;
				DEVELOPMENT_TEAM = TT898TTE6L;
				INFOPLIST_FILE = douyuzhibo/Info.plist;
				IPHONEOS_DEPLOYMENT_TARGET = 10.0;
				LD_RUNPATH_SEARCH_PATHS = "$(inherited) @executable_path/Frameworks";
				PRODUCT_BUNDLE_IDENTIFIER = com.liuwei.douyuzhibo;
				PRODUCT_NAME = "$(TARGET_NAME)";
				SWIFT_VERSION = 4.0;
				TARGETED_DEVICE_FAMILY = 1;
			};
			name = Debug;
		};
		01496DFB2062747000F30701 /* Release */ = {
			isa = XCBuildConfiguration;
			buildSettings = {
				ASSETCATALOG_COMPILER_APPICON_NAME = AppIcon;
				CODE_SIGN_STYLE = Automatic;
				DEVELOPMENT_TEAM = TT898TTE6L;
				INFOPLIST_FILE = douyuzhibo/Info.plist;
				IPHONEOS_DEPLOYMENT_TARGET = 10.0;
				LD_RUNPATH_SEARCH_PATHS = "$(inherited) @executable_path/Frameworks";
				PRODUCT_BUNDLE_IDENTIFIER = com.liuwei.douyuzhibo;
				PRODUCT_NAME = "$(TARGET_NAME)";
				SWIFT_VERSION = 4.0;
				TARGETED_DEVICE_FAMILY = 1;
			};
			name = Release;
		};
/* End XCBuildConfiguration section */

/* Begin XCConfigurationList section */
		01496DE22062746F00F30701 /* Build configuration list for PBXProject "douyuzhibo" */ = {
			isa = XCConfigurationList;
			buildConfigurations = (
				01496DF72062747000F30701 /* Debug */,
				01496DF82062747000F30701 /* Release */,
			);
			defaultConfigurationIsVisible = 0;
			defaultConfigurationName = Release;
		};
		01496DF92062747000F30701 /* Build configuration list for PBXNativeTarget "douyuzhibo" */ = {
			isa = XCConfigurationList;
			buildConfigurations = (
				01496DFA2062747000F30701 /* Debug */,
				01496DFB2062747000F30701 /* Release */,
			);
			defaultConfigurationIsVisible = 0;
			defaultConfigurationName = Release;
		};
/* End XCConfigurationList section */
	};
	rootObject = 01496DDF2062746F00F30701 /* Project object */;
}
